# THIS IS AN AUTOGENERATED FILE. DO NOT EDIT THIS FILE DIRECTLY.
# yarn lockfile v1


"@types/ms@^0.7.30":
  version "0.7.30"
  resolved "https://registry.yarnpkg.com/@types/ms/-/ms-0.7.30.tgz#f6c38b7ecbbf698b0bbd138315a0f0f18954f85f"

"@types/node@^8.0.48":
  version "8.0.48"
  resolved "https://registry.yarnpkg.com/@types/node/-/node-8.0.48.tgz#4e7da6e849d9e50be5865effaa55b1870ae4eede"

ms@^2.0.0:
  version "2.0.0"
  resolved "https://registry.yarnpkg.com/ms/-/ms-2.0.0.tgz#5608aeadfc00be6c2901df5f9861788de0d597c8"

typescript@^2.6.1:
  version "2.6.1"
  resolved "https://registry.yarnpkg.com/typescript/-/typescript-2.6.1.tgz#ef39cdea27abac0b500242d6726ab90e0c846631"
